
Microsoft Visual Studio Solution File, Format Version 12.00
# Visual Studio Version 17
VisualStudioVersion = 17.7.34024.191
MinimumVisualStudioVersion = 10.0.40219.1
Project("{FAE04EC0-301F-11D3-BF4B-00C04F79EFBC}") = "K_Burns_SpitTree", "K_Burns_SpitTree\K_Burns_SpitTree.csproj", "{1AE297BC-0F26-4D7D-AB77-B2CD6D048C27}"
EndProject
Global
	GlobalSection(SolutionConfigurationPlatforms) = preSolution
		Debug|Any CPU = Debug|Any CPU
		Release|Any CPU = Release|Any CPU
	EndGlobalSection
	GlobalSection(ProjectConfigurationPlatforms) = postSolution
		{1AE297BC-0F26-4D7D-AB77-B2CD6D048C27}.Debug|Any CPU.ActiveCfg = Debug|Any CPU
		{1AE297BC-0F26-4D7D-AB77-B2CD6D048C27}.Debug|Any CPU.Build.0 = Debug|Any CPU
		{1AE297BC-0F26-4D7D-AB77-B2CD6D048C27}.Release|Any CPU.ActiveCfg = Release|Any CPU
		{1AE297BC-0F26-4D7D-AB77-B2CD6D048C27}.Release|Any CPU.Build.0 = Release|Any CPU
	EndGlobalSection
	GlobalSection(SolutionProperties) = preSolution
		HideSolutionNode = FALSE
	EndGlobalSection
	GlobalSection(ExtensibilityGlobals) = postSolution
		SolutionGuid = {53E4BE5B-B18D-416A-943C-BD18AF8D6D39}
	EndGlobalSection
EndGlobal
